
Microsoft Visual Studio Solution File, Format Version 12.00
# Visual Studio Version 16
VisualStudioVersion = 16.0.29613.14
MinimumVisualStudioVersion = 10.0.40219.1
Project("{FAE04EC0-301F-11D3-BF4B-00C04F79EFBC}") = "EFCoreEjemplos", "EFCoreEjemplos\EFCoreEjemplos.csproj", "{D837475B-134D-4349-8356-30C69FE831D4}"
EndProject
Global
	GlobalSection(SolutionConfigurationPlatforms) = preSolution
		Debug|Any CPU = Debug|Any CPU
		Release|Any CPU = Release|Any CPU
	EndGlobalSection
	GlobalSection(ProjectConfigurationPlatforms) = postSolution
		{D837475B-134D-4349-8356-30C69FE831D4}.Debug|Any CPU.ActiveCfg = Debug|Any CPU
		{D837475B-134D-4349-8356-30C69FE831D4}.Debug|Any CPU.Build.0 = Debug|Any CPU
		{D837475B-134D-4349-8356-30C69FE831D4}.Release|Any CPU.ActiveCfg = Release|Any CPU
		{D837475B-134D-4349-8356-30C69FE831D4}.Release|Any CPU.Build.0 = Release|Any CPU
	EndGlobalSection
	GlobalSection(SolutionProperties) = preSolution
		HideSolutionNode = FALSE
	EndGlobalSection
	GlobalSection(ExtensibilityGlobals) = postSolution
		SolutionGuid = {0B5970D5-5A93-4D0B-8959-3687D5E730F0}
	EndGlobalSection
EndGlobal
